// !$*UTF8*$!
{
	archiveVersion = 1;
	classes = {
	};
	objectVersion = 56;
	objects = {

/* Begin PBXBuildFile section */
		4C4AFA9B2B90A734004CF09C /* AppDelegate.swift in Sources */ = {isa = PBXBuildFile; fileRef = 4C4AFA9A2B90A734004CF09C /* AppDelegate.swift */; };
		4C4AFA9D2B90A734004CF09C /* SceneDelegate.swift in Sources */ = {isa = PBXBuildFile; fileRef = 4C4AFA9C2B90A734004CF09C /* SceneDelegate.swift */; };
		4C4AFAA42B90A735004CF09C /* Assets.xcassets in Resources */ = {isa = PBXBuildFile; fileRef = 4C4AFAA32B90A735004CF09C /* Assets.xcassets */; };
		4C4AFAA72B90A735004CF09C /* LaunchScreen.storyboard in Resources */ = {isa = PBXBuildFile; fileRef = 4C4AFAA52B90A735004CF09C /* LaunchScreen.storyboard */; };
		4C4AFAB12B90ACF4004CF09C /* WeatherViewModel.swift in Sources */ = {isa = PBXBuildFile; fileRef = 4C4AFAB02B90ACF4004CF09C /* WeatherViewModel.swift */; };
		4C4AFAB42B90AD8F004CF09C /* WeatherView.swift in Sources */ = {isa = PBXBuildFile; fileRef = 4C4AFAB32B90AD8F004CF09C /* WeatherView.swift */; };
		4C4AFAB72B90AE69004CF09C /* WeatherModel.swift in Sources */ = {isa = PBXBuildFile; fileRef = 4C4AFAB62B90AE69004CF09C /* WeatherModel.swift */; };
		4C4AFABA2B90AED7004CF09C /* WeatherServiceAPI.swift in Sources */ = {isa = PBXBuildFile; fileRef = 4C4AFAB92B90AED7004CF09C /* WeatherServiceAPI.swift */; };
		4C4AFABD2B90AF4C004CF09C /* Constants.swift in Sources */ = {isa = PBXBuildFile; fileRef = 4C4AFABC2B90AF4C004CF09C /* Constants.swift */; };
		4C4AFAC02B90AF5A004CF09C /* ActivityIndicator.swift in Sources */ = {isa = PBXBuildFile; fileRef = 4C4AFABF2B90AF5A004CF09C /* ActivityIndicator.swift */; };
		4C4AFAC32B90AFB2004CF09C /* LocationManager.swift in Sources */ = {isa = PBXBuildFile; fileRef = 4C4AFAC22B90AFB2004CF09C /* LocationManager.swift */; };
/* End PBXBuildFile section */

/* Begin PBXFileReference section */
		4C4AFA972B90A734004CF09C /* iOSWeatherApp.app */ = {isa = PBXFileReference; explicitFileType = wrapper.application; includeInIndex = 0; path = iOSWeatherApp.app; sourceTree = BUILT_PRODUCTS_DIR; };
		4C4AFA9A2B90A734004CF09C /* AppDelegate.swift */ = {isa = PBXFileReference; lastKnownFileType = sourcecode.swift; path = AppDelegate.swift; sourceTree = "<group>"; };
		4C4AFA9C2B90A734004CF09C /* SceneDelegate.swift */ = {isa = PBXFileReference; lastKnownFileType = sourcecode.swift; path = SceneDelegate.swift; sourceTree = "<group>"; };
		4C4AFAA32B90A735004CF09C /* Assets.xcassets */ = {isa = PBXFileReference; lastKnownFileType = folder.assetcatalog; path = Assets.xcassets; sourceTree = "<group>"; };
		4C4AFAA62B90A735004CF09C /* Base */ = {isa = PBXFileReference; lastKnownFileType = file.storyboard; name = Base; path = Base.lproj/LaunchScreen.storyboard; sourceTree = "<group>"; };
		4C4AFAA82B90A735004CF09C /* Info.plist */ = {isa = PBXFileReference; lastKnownFileType = text.plist.xml; path = Info.plist; sourceTree = "<group>"; };
		4C4AFAB02B90ACF4004CF09C /* WeatherViewModel.swift */ = {isa = PBXFileReference; lastKnownFileType = sourcecode.swift; path = WeatherViewModel.swift; sourceTree = "<group>"; };
		4C4AFAB32B90AD8F004CF09C /* WeatherView.swift */ = {isa = PBXFileReference; lastKnownFileType = sourcecode.swift; path = WeatherView.swift; sourceTree = "<group>"; };
		4C4AFAB62B90AE69004CF09C /* WeatherModel.swift */ = {isa = PBXFileReference; lastKnownFileType = sourcecode.swift; path = WeatherModel.swift; sourceTree = "<group>"; };
		4C4AFAB92B90AED7004CF09C /* WeatherServiceAPI.swift */ = {isa = PBXFileReference; lastKnownFileType = sourcecode.swift; path = WeatherServiceAPI.swift; sourceTree = "<group>"; };
		4C4AFABC2B90AF4C004CF09C /* Constants.swift */ = {isa = PBXFileReference; lastKnownFileType = sourcecode.swift; path = Constants.swift; sourceTree = "<group>"; };
		4C4AFABF2B90AF5A004CF09C /* ActivityIndicator.swift */ = {isa = PBXFileReference; lastKnownFileType = sourcecode.swift; path = ActivityIndicator.swift; sourceTree = "<group>"; };
		4C4AFAC22B90AFB2004CF09C /* LocationManager.swift */ = {isa = PBXFileReference; lastKnownFileType = sourcecode.swift; path = LocationManager.swift; sourceTree = "<group>"; };
/* End PBXFileReference section */

/* Begin PBXFrameworksBuildPhase section */
		4C4AFA942B90A734004CF09C /* Frameworks */ = {
			isa = PBXFrameworksBuildPhase;
			buildActionMask = 2147483647;
			files = (
			);
			runOnlyForDeploymentPostprocessing = 0;
		};
/* End PBXFrameworksBuildPhase section */

/* Begin PBXGroup section */
		4C4AFA8E2B90A734004CF09C = {
			isa = PBXGroup;
			children = (
				4C4AFA992B90A734004CF09C /* iOSWeatherApp */,
				4C4AFA982B90A734004CF09C /* Products */,
			);
			sourceTree = "<group>";
		};
		4C4AFA982B90A734004CF09C /* Products */ = {
			isa = PBXGroup;
			children = (
				4C4AFA972B90A734004CF09C /* iOSWeatherApp.app */,
			);
			name = Products;
			sourceTree = "<group>";
		};
		4C4AFA992B90A734004CF09C /* iOSWeatherApp */ = {
			isa = PBXGroup;
			children = (
				4C4AFAAE2B90AC4B004CF09C /* AppDelegate */,
				4C4AFABB2B90AF41004CF09C /* Helpers */,
				4C4AFAC12B90AFA1004CF09C /* Managers */,
				4C4AFAB82B90AEB0004CF09C /* NetworkService */,
				4C4AFAB52B90AE5A004CF09C /* Models */,
				4C4AFAB22B90AD80004CF09C /* Views */,
				4C4AFAAF2B90ACE7004CF09C /* ViewModels */,
				4C4AFAA32B90A735004CF09C /* Assets.xcassets */,
				4C4AFAA52B90A735004CF09C /* LaunchScreen.storyboard */,
				4C4AFAA82B90A735004CF09C /* Info.plist */,
			);
			path = iOSWeatherApp;
			sourceTree = "<group>";
		};
		4C4AFAAE2B90AC4B004CF09C /* AppDelegate */ = {
			isa = PBXGroup;
			children = (
				4C4AFA9A2B90A734004CF09C /* AppDelegate.swift */,
				4C4AFA9C2B90A734004CF09C /* SceneDelegate.swift */,
			);
			path = AppDelegate;
			sourceTree = "<group>";
		};
		4C4AFAAF2B90ACE7004CF09C /* ViewModels */ = {
			isa = PBXGroup;
			children = (
				4C4AFAB02B90ACF4004CF09C /* WeatherViewModel.swift */,
			);
			path = ViewModels;
			sourceTree = "<group>";
		};
		4C4AFAB22B90AD80004CF09C /* Views */ = {
			isa = PBXGroup;
			children = (
				4C4AFAB32B90AD8F004CF09C /* WeatherView.swift */,
			);
			path = Views;
			sourceTree = "<group>";
		};
		4C4AFAB52B90AE5A004CF09C /* Models */ = {
			isa = PBXGroup;
			children = (
				4C4AFAB62B90AE69004CF09C /* WeatherModel.swift */,
			);
			path = Models;
			sourceTree = "<group>";
		};
		4C4AFAB82B90AEB0004CF09C /* NetworkService */ = {
			isa = PBXGroup;
			children = (
				4C4AFAB92B90AED7004CF09C /* WeatherServiceAPI.swift */,
			);
			path = NetworkService;
			sourceTree = "<group>";
		};
		4C4AFABB2B90AF41004CF09C /* Helpers */ = {
			isa = PBXGroup;
			children = (
				4C4AFABC2B90AF4C004CF09C /* Constants.swift */,
				4C4AFABF2B90AF5A004CF09C /* ActivityIndicator.swift */,
			);
			path = Helpers;
			sourceTree = "<group>";
		};
		4C4AFAC12B90AFA1004CF09C /* Managers */ = {
			isa = PBXGroup;
			children = (
				4C4AFAC22B90AFB2004CF09C /* LocationManager.swift */,
			);
			path = Managers;
			sourceTree = "<group>";
		};
/* End PBXGroup section */

/* Begin PBXNativeTarget section */
		4C4AFA962B90A734004CF09C /* iOSWeatherApp */ = {
			isa = PBXNativeTarget;
			buildConfigurationList = 4C4AFAAB2B90A735004CF09C /* Build configuration list for PBXNativeTarget "iOSWeatherApp" */;
			buildPhases = (
				4C4AFA932B90A734004CF09C /* Sources */,
				4C4AFA942B90A734004CF09C /* Frameworks */,
				4C4AFA952B90A734004CF09C /* Resources */,
			);
			buildRules = (
			);
			dependencies = (
			);
			name = iOSWeatherApp;
			productName = iOSWeatherApp;
			productReference = 4C4AFA972B90A734004CF09C /* iOSWeatherApp.app */;
			productType = "com.apple.product-type.application";
		};
/* End PBXNativeTarget section */

/* Begin PBXProject section */
		4C4AFA8F2B90A734004CF09C /* Project object */ = {
			isa = PBXProject;
			attributes = {
				BuildIndependentTargetsInParallel = 1;
				LastSwiftUpdateCheck = 1430;
				LastUpgradeCheck = 1430;
				TargetAttributes = {
					4C4AFA962B90A734004CF09C = {
						CreatedOnToolsVersion = 14.3;
					};
				};
			};
			buildConfigurationList = 4C4AFA922B90A734004CF09C /* Build configuration list for PBXProject "iOSWeatherApp" */;
			compatibilityVersion = "Xcode 14.0";
			developmentRegion = en;
			hasScannedForEncodings = 0;
			knownRegions = (
				en,
				Base,
			);
			mainGroup = 4C4AFA8E2B90A734004CF09C;
			productRefGroup = 4C4AFA982B90A734004CF09C /* Products */;
			projectDirPath = "";
			projectRoot = "";
			targets = (
				4C4AFA962B90A734004CF09C /* iOSWeatherApp */,
			);
		};
/* End PBXProject section */

/* Begin PBXResourcesBuildPhase section */
		4C4AFA952B90A734004CF09C /* Resources */ = {
			isa = PBXResourcesBuildPhase;
			buildActionMask = 2147483647;
			files = (
				4C4AFAA72B90A735004CF09C /* LaunchScreen.storyboard in Resources */,
				4C4AFAA42B90A735004CF09C /* Assets.xcassets in Resources */,
			);
			runOnlyForDeploymentPostprocessing = 0;
		};
/* End PBXResourcesBuildPhase section */

/* Begin PBXSourcesBuildPhase section */
		4C4AFA932B90A734004CF09C /* Sources */ = {
			isa = PBXSourcesBuildPhase;
			buildActionMask = 2147483647;
			files = (
				4C4AFA9B2B90A734004CF09C /* AppDelegate.swift in Sources */,
				4C4AFABA2B90AED7004CF09C /* WeatherServiceAPI.swift in Sources */,
				4C4AFAB12B90ACF4004CF09C /* WeatherViewModel.swift in Sources */,
				4C4AFA9D2B90A734004CF09C /* SceneDelegate.swift in Sources */,
				4C4AFAC02B90AF5A004CF09C /* ActivityIndicator.swift in Sources */,
				4C4AFABD2B90AF4C004CF09C /* Constants.swift in Sources */,
				4C4AFAB42B90AD8F004CF09C /* WeatherView.swift in Sources */,
				4C4AFAB72B90AE69004CF09C /* WeatherModel.swift in Sources */,
				4C4AFAC32B90AFB2004CF09C /* LocationManager.swift in Sources */,
			);
			runOnlyForDeploymentPostprocessing = 0;
		};
/* End PBXSourcesBuildPhase section */

/* Begin PBXVariantGroup section */
		4C4AFAA52B90A735004CF09C /* LaunchScreen.storyboard */ = {
			isa = PBXVariantGroup;
			children = (
				4C4AFAA62B90A735004CF09C /* Base */,
			);
			name = LaunchScreen.storyboard;
			sourceTree = "<group>";
		};
/* End PBXVariantGroup section */

/* Begin XCBuildConfiguration section */
		4C4AFAA92B90A735004CF09C /* Debug */ = {
			isa = XCBuildConfiguration;
			buildSettings = {
				ALWAYS_SEARCH_USER_PATHS = NO;
				CLANG_ANALYZER_NONNULL = YES;
				CLANG_ANALYZER_NUMBER_OBJECT_CONVERSION = YES_AGGRESSIVE;
				CLANG_CXX_LANGUAGE_STANDARD = "gnu++20";
				CLANG_ENABLE_MODULES = YES;
				CLANG_ENABLE_OBJC_ARC = YES;
				CLANG_ENABLE_OBJC_WEAK = YES;
				CLANG_WARN_BLOCK_CAPTURE_AUTORELEASING = YES;
				CLANG_WARN_BOOL_CONVERSION = YES;
				CLANG_WARN_COMMA = YES;
				CLANG_WARN_CONSTANT_CONVERSION = YES;
				CLANG_WARN_DEPRECATED_OBJC_IMPLEMENTATIONS = YES;
				CLANG_WARN_DIRECT_OBJC_ISA_USAGE = YES_ERROR;
				CLANG_WARN_DOCUMENTATION_COMMENTS = YES;
				CLANG_WARN_EMPTY_BODY = YES;
				CLANG_WARN_ENUM_CONVERSION = YES;
				CLANG_WARN_INFINITE_RECURSION = YES;
				CLANG_WARN_INT_CONVERSION = YES;
				CLANG_WARN_NON_LITERAL_NULL_CONVERSION = YES;
				CLANG_WARN_OBJC_IMPLICIT_RETAIN_SELF = YES;
				CLANG_WARN_OBJC_LITERAL_CONVERSION = YES;
				CLANG_WARN_OBJC_ROOT_CLASS = YES_ERROR;
				CLANG_WARN_QUOTED_INCLUDE_IN_FRAMEWORK_HEADER = YES;
				CLANG_WARN_RANGE_LOOP_ANALYSIS = YES;
				CLANG_WARN_STRICT_PROTOTYPES = YES;
				CLANG_WARN_SUSPICIOUS_MOVE = YES;
				CLANG_WARN_UNGUARDED_AVAILABILITY = YES_AGGRESSIVE;
				CLANG_WARN_UNREACHABLE_CODE = YES;
				CLANG_WARN__DUPLICATE_METHOD_MATCH = YES;
				COPY_PHASE_STRIP = NO;
				DEBUG_INFORMATION_FORMAT = dwarf;
				ENABLE_STRICT_OBJC_MSGSEND = YES;
				ENABLE_TESTABILITY = YES;
				GCC_C_LANGUAGE_STANDARD = gnu11;
				GCC_DYNAMIC_NO_PIC = NO;
				GCC_NO_COMMON_BLOCKS = YES;
				GCC_OPTIMIZATION_LEVEL = 0;
				GCC_PREPROCESSOR_DEFINITIONS = (
					"DEBUG=1",
					"$(inherited)",
				);
				GCC_WARN_64_TO_32_BIT_CONVERSION = YES;
				GCC_WARN_ABOUT_RETURN_TYPE = YES_ERROR;
				GCC_WARN_UNDECLARED_SELECTOR = YES;
				GCC_WARN_UNINITIALIZED_AUTOS = YES_AGGRESSIVE;
				GCC_WARN_UNUSED_FUNCTION = YES;
				GCC_WARN_UNUSED_VARIABLE = YES;
				IPHONEOS_DEPLOYMENT_TARGET = 16.4;
				MTL_ENABLE_DEBUG_INFO = INCLUDE_SOURCE;
				MTL_FAST_MATH = YES;
				ONLY_ACTIVE_ARCH = YES;
				SDKROOT = iphoneos;
				SWIFT_ACTIVE_COMPILATION_CONDITIONS = DEBUG;
				SWIFT_OPTIMIZATION_LEVEL = "-Onone";
			};
			name = Debug;
		};
		4C4AFAAA2B90A735004CF09C /* Release */ = {
			isa = XCBuildConfiguration;
			buildSettings = {
				ALWAYS_SEARCH_USER_PATHS = NO;
				CLANG_ANALYZER_NONNULL = YES;
				CLANG_ANALYZER_NUMBER_OBJECT_CONVERSION = YES_AGGRESSIVE;
				CLANG_CXX_LANGUAGE_STANDARD = "gnu++20";
				CLANG_ENABLE_MODULES = YES;
				CLANG_ENABLE_OBJC_ARC = YES;
				CLANG_ENABLE_OBJC_WEAK = YES;
				CLANG_WARN_BLOCK_CAPTURE_AUTORELEASING = YES;
				CLANG_WARN_BOOL_CONVERSION = YES;
				CLANG_WARN_COMMA = YES;
				CLANG_WARN_CONSTANT_CONVERSION = YES;
				CLANG_WARN_DEPRECATED_OBJC_IMPLEMENTATIONS = YES;
				CLANG_WARN_DIRECT_OBJC_ISA_USAGE = YES_ERROR;
				CLANG_WARN_DOCUMENTATION_COMMENTS = YES;
				CLANG_WARN_EMPTY_BODY = YES;
				CLANG_WARN_ENUM_CONVERSION = YES;
				CLANG_WARN_INFINITE_RECURSION = YES;
				CLANG_WARN_INT_CONVERSION = YES;
				CLANG_WARN_NON_LITERAL_NULL_CONVERSION = YES;
				CLANG_WARN_OBJC_IMPLICIT_RETAIN_SELF = YES;
				CLANG_WARN_OBJC_LITERAL_CONVERSION = YES;
				CLANG_WARN_OBJC_ROOT_CLASS = YES_ERROR;
				CLANG_WARN_QUOTED_INCLUDE_IN_FRAMEWORK_HEADER = YES;
				CLANG_WARN_RANGE_LOOP_ANALYSIS = YES;
				CLANG_WARN_STRICT_PROTOTYPES = YES;
				CLANG_WARN_SUSPICIOUS_MOVE = YES;
				CLANG_WARN_UNGUARDED_AVAILABILITY = YES_AGGRESSIVE;
				CLANG_WARN_UNREACHABLE_CODE = YES;
				CLANG_WARN__DUPLICATE_METHOD_MATCH = YES;
				COPY_PHASE_STRIP = NO;
				DEBUG_INFORMATION_FORMAT = "dwarf-with-dsym";
				ENABLE_NS_ASSERTIONS = NO;
				ENABLE_STRICT_OBJC_MSGSEND = YES;
				GCC_C_LANGUAGE_STANDARD = gnu11;
				GCC_NO_COMMON_BLOCKS = YES;
				GCC_WARN_64_TO_32_BIT_CONVERSION = YES;
				GCC_WARN_ABOUT_RETURN_TYPE = YES_ERROR;
				GCC_WARN_UNDECLARED_SELECTOR = YES;
				GCC_WARN_UNINITIALIZED_AUTOS = YES_AGGRESSIVE;
				GCC_WARN_UNUSED_FUNCTION = YES;
				GCC_WARN_UNUSED_VARIABLE = YES;
				IPHONEOS_DEPLOYMENT_TARGET = 16.4;
				MTL_ENABLE_DEBUG_INFO = NO;
				MTL_FAST_MATH = YES;
				SDKROOT = iphoneos;
				SWIFT_COMPILATION_MODE = wholemodule;
				SWIFT_OPTIMIZATION_LEVEL = "-O";
				VALIDATE_PRODUCT = YES;
			};
			name = Release;
		};
		4C4AFAAC2B90A735004CF09C /* Debug */ = {
			isa = XCBuildConfiguration;
			buildSettings = {
				ASSETCATALOG_COMPILER_APPICON_NAME = AppIcon;
				ASSETCATALOG_COMPILER_GLOBAL_ACCENT_COLOR_NAME = AccentColor;
				CODE_SIGN_STYLE = Automatic;
				CURRENT_PROJECT_VERSION = 1;
				GENERATE_INFOPLIST_FILE = YES;
				INFOPLIST_FILE = iOSWeatherApp/Info.plist;
				INFOPLIST_KEY_NSLocationWhenInUseUsageDescription = "to fetch weather details based on your location.";
				INFOPLIST_KEY_UIApplicationSupportsIndirectInputEvents = YES;
				INFOPLIST_KEY_UILaunchStoryboardName = LaunchScreen;
				INFOPLIST_KEY_UIRequiresFullScreen = YES;
				INFOPLIST_KEY_UIStatusBarStyle = "";
				INFOPLIST_KEY_UISupportedInterfaceOrientations = UIInterfaceOrientationPortrait;
				INFOPLIST_KEY_UIUserInterfaceStyle = Light;
				LD_RUNPATH_SEARCH_PATHS = (
					"$(inherited)",
					"@executable_path/Frameworks",
				);
				MARKETING_VERSION = 1.0;
				PRODUCT_BUNDLE_IDENTIFIER = com.App.iOSWeatherApp;
				PRODUCT_NAME = "$(TARGET_NAME)";
				SUPPORTED_PLATFORMS = "iphoneos iphonesimulator";
				SUPPORTS_MACCATALYST = NO;
				SUPPORTS_MAC_DESIGNED_FOR_IPHONE_IPAD = NO;
				SWIFT_EMIT_LOC_STRINGS = YES;
				SWIFT_VERSION = 5.0;
				TARGETED_DEVICE_FAMILY = "1,2";
			};
			name = Debug;
		};
		4C4AFAAD2B90A735004CF09C /* Release */ = {
			isa = XCBuildConfiguration;
			buildSettings = {
				ASSETCATALOG_COMPILER_APPICON_NAME = AppIcon;
				ASSETCATALOG_COMPILER_GLOBAL_ACCENT_COLOR_NAME = AccentColor;
				CODE_SIGN_STYLE = Automatic;
				CURRENT_PROJECT_VERSION = 1;
				GENERATE_INFOPLIST_FILE = YES;
				INFOPLIST_FILE = iOSWeatherApp/Info.plist;
				INFOPLIST_KEY_NSLocationWhenInUseUsageDescription = "to fetch weather details based on your location.";
				INFOPLIST_KEY_UIApplicationSupportsIndirectInputEvents = YES;
				INFOPLIST_KEY_UILaunchStoryboardName = LaunchScreen;
				INFOPLIST_KEY_UIRequiresFullScreen = YES;
				INFOPLIST_KEY_UIStatusBarStyle = "";
				INFOPLIST_KEY_UISupportedInterfaceOrientations = UIInterfaceOrientationPortrait;
				INFOPLIST_KEY_UIUserInterfaceStyle = Light;
				LD_RUNPATH_SEARCH_PATHS = (
					"$(inherited)",
					"@executable_path/Frameworks",
				);
				MARKETING_VERSION = 1.0;
				PRODUCT_BUNDLE_IDENTIFIER = com.App.iOSWeatherApp;
				PRODUCT_NAME = "$(TARGET_NAME)";
				SUPPORTED_PLATFORMS = "iphoneos iphonesimulator";
				SUPPORTS_MACCATALYST = NO;
				SUPPORTS_MAC_DESIGNED_FOR_IPHONE_IPAD = NO;
				SWIFT_EMIT_LOC_STRINGS = YES;
				SWIFT_VERSION = 5.0;
				TARGETED_DEVICE_FAMILY = "1,2";
			};
			name = Release;
		};
/* End XCBuildConfiguration section */

/* Begin XCConfigurationList section */
		4C4AFA922B90A734004CF09C /* Build configuration list for PBXProject "iOSWeatherApp" */ = {
			isa = XCConfigurationList;
			buildConfigurations = (
				4C4AFAA92B90A735004CF09C /* Debug */,
				4C4AFAAA2B90A735004CF09C /* Release */,
			);
			defaultConfigurationIsVisible = 0;
			defaultConfigurationName = Release;
		};
		4C4AFAAB2B90A735004CF09C /* Build configuration list for PBXNativeTarget "iOSWeatherApp" */ = {
			isa = XCConfigurationList;
			buildConfigurations = (
				4C4AFAAC2B90A735004CF09C /* Debug */,
				4C4AFAAD2B90A735004CF09C /* Release */,
			);
			defaultConfigurationIsVisible = 0;
			defaultConfigurationName = Release;
		};
/* End XCConfigurationList section */
	};
	rootObject = 4C4AFA8F2B90A734004CF09C /* Project object */;
}
